
Microsoft Visual Studio Solution File, Format Version 12.00
# Visual Studio Version 17
VisualStudioVersion = 17.9.34723.18
MinimumVisualStudioVersion = 10.0.40219.1
Project("{FAE04EC0-301F-11D3-BF4B-00C04F79EFBC}") = "IMC", "IMC\IMC.csproj", "{28D30824-11CD-406F-AE3E-3B39FC3DBB55}"
EndProject
Global
	GlobalSection(SolutionConfigurationPlatforms) = preSolution
		Debug|Any CPU = Debug|Any CPU
		Release|Any CPU = Release|Any CPU
	EndGlobalSection
	GlobalSection(ProjectConfigurationPlatforms) = postSolution
		{28D30824-11CD-406F-AE3E-3B39FC3DBB55}.Debug|Any CPU.ActiveCfg = Debug|Any CPU
		{28D30824-11CD-406F-AE3E-3B39FC3DBB55}.Debug|Any CPU.Build.0 = Debug|Any CPU
		{28D30824-11CD-406F-AE3E-3B39FC3DBB55}.Release|Any CPU.ActiveCfg = Release|Any CPU
		{28D30824-11CD-406F-AE3E-3B39FC3DBB55}.Release|Any CPU.Build.0 = Release|Any CPU
	EndGlobalSection
	GlobalSection(SolutionProperties) = preSolution
		HideSolutionNode = FALSE
	EndGlobalSection
	GlobalSection(ExtensibilityGlobals) = postSolution
		SolutionGuid = {DF90ABA4-71E4-4139-BA2A-26D0865E792C}
	EndGlobalSection
EndGlobal
