
Microsoft Visual Studio Solution File, Format Version 12.00
# Visual Studio Version 17
VisualStudioVersion = 17.5.33516.290
MinimumVisualStudioVersion = 10.0.40219.1
Project("{FAE04EC0-301F-11D3-BF4B-00C04F79EFBC}") = "Matriz - teste", "Matriz - teste\Matriz - teste.csproj", "{B10B1C9A-6966-4A18-AE5A-645ED8512347}"
EndProject
Global
	GlobalSection(SolutionConfigurationPlatforms) = preSolution
		Debug|Any CPU = Debug|Any CPU
		Release|Any CPU = Release|Any CPU
	EndGlobalSection
	GlobalSection(ProjectConfigurationPlatforms) = postSolution
		{B10B1C9A-6966-4A18-AE5A-645ED8512347}.Debug|Any CPU.ActiveCfg = Debug|Any CPU
		{B10B1C9A-6966-4A18-AE5A-645ED8512347}.Debug|Any CPU.Build.0 = Debug|Any CPU
		{B10B1C9A-6966-4A18-AE5A-645ED8512347}.Release|Any CPU.ActiveCfg = Release|Any CPU
		{B10B1C9A-6966-4A18-AE5A-645ED8512347}.Release|Any CPU.Build.0 = Release|Any CPU
	EndGlobalSection
	GlobalSection(SolutionProperties) = preSolution
		HideSolutionNode = FALSE
	EndGlobalSection
	GlobalSection(ExtensibilityGlobals) = postSolution
		SolutionGuid = {B2BAD0C3-D63F-4B2D-830F-324591DB20D9}
	EndGlobalSection
EndGlobal
