
Microsoft Visual Studio Solution File, Format Version 12.00
# Visual Studio Version 17
VisualStudioVersion = 17.5.33516.290
MinimumVisualStudioVersion = 10.0.40219.1
Project("{FAE04EC0-301F-11D3-BF4B-00C04F79EFBC}") = "Negativo", "Negativo\Negativo.csproj", "{DDB59DDC-164F-4C6C-81B6-85489178A5C3}"
EndProject
Project("{FAE04EC0-301F-11D3-BF4B-00C04F79EFBC}") = "Abaixo_da_media", "Abaixo_da_media\Abaixo_da_media.csproj", "{8D3FC1BC-3292-4BC3-BB7D-7268D1E10A28}"
EndProject
Global
	GlobalSection(SolutionConfigurationPlatforms) = preSolution
		Debug|Any CPU = Debug|Any CPU
		Release|Any CPU = Release|Any CPU
	EndGlobalSection
	GlobalSection(ProjectConfigurationPlatforms) = postSolution
		{DDB59DDC-164F-4C6C-81B6-85489178A5C3}.Debug|Any CPU.ActiveCfg = Debug|Any CPU
		{DDB59DDC-164F-4C6C-81B6-85489178A5C3}.Debug|Any CPU.Build.0 = Debug|Any CPU
		{DDB59DDC-164F-4C6C-81B6-85489178A5C3}.Release|Any CPU.ActiveCfg = Release|Any CPU
		{DDB59DDC-164F-4C6C-81B6-85489178A5C3}.Release|Any CPU.Build.0 = Release|Any CPU
		{8D3FC1BC-3292-4BC3-BB7D-7268D1E10A28}.Debug|Any CPU.ActiveCfg = Debug|Any CPU
		{8D3FC1BC-3292-4BC3-BB7D-7268D1E10A28}.Debug|Any CPU.Build.0 = Debug|Any CPU
		{8D3FC1BC-3292-4BC3-BB7D-7268D1E10A28}.Release|Any CPU.ActiveCfg = Release|Any CPU
		{8D3FC1BC-3292-4BC3-BB7D-7268D1E10A28}.Release|Any CPU.Build.0 = Release|Any CPU
	EndGlobalSection
	GlobalSection(SolutionProperties) = preSolution
		HideSolutionNode = FALSE
	EndGlobalSection
	GlobalSection(ExtensibilityGlobals) = postSolution
		SolutionGuid = {C6A0C581-91CD-4836-B304-AD9DD4556E96}
	EndGlobalSection
EndGlobal
