
Microsoft Visual Studio Solution File, Format Version 12.00
# Visual Studio Version 17
VisualStudioVersion = 17.5.33516.290
MinimumVisualStudioVersion = 10.0.40219.1
Project("{FAE04EC0-301F-11D3-BF4B-00C04F79EFBC}") = "matricula de aluunos", "matricula de aluunos\matricula de aluunos.csproj", "{4AD186E3-B148-4950-85DE-C6D1F069F9EC}"
EndProject
Global
	GlobalSection(SolutionConfigurationPlatforms) = preSolution
		Debug|Any CPU = Debug|Any CPU
		Release|Any CPU = Release|Any CPU
	EndGlobalSection
	GlobalSection(ProjectConfigurationPlatforms) = postSolution
		{4AD186E3-B148-4950-85DE-C6D1F069F9EC}.Debug|Any CPU.ActiveCfg = Debug|Any CPU
		{4AD186E3-B148-4950-85DE-C6D1F069F9EC}.Debug|Any CPU.Build.0 = Debug|Any CPU
		{4AD186E3-B148-4950-85DE-C6D1F069F9EC}.Release|Any CPU.ActiveCfg = Release|Any CPU
		{4AD186E3-B148-4950-85DE-C6D1F069F9EC}.Release|Any CPU.Build.0 = Release|Any CPU
	EndGlobalSection
	GlobalSection(SolutionProperties) = preSolution
		HideSolutionNode = FALSE
	EndGlobalSection
	GlobalSection(ExtensibilityGlobals) = postSolution
		SolutionGuid = {9A2D0E9B-AF48-41BA-820D-0AECE6890EF6}
	EndGlobalSection
EndGlobal
